// !$*UTF8*$!
{
	archiveVersion = 1;
	classes = {
	};
	objectVersion = 46;
	objects = {

/* Begin PBXBuildFile section */
		55DD40E61C13C7DC00E35713 /* AppDelegate.swift in Sources */ = {isa = PBXBuildFile; fileRef = 55DD40E51C13C7DC00E35713 /* AppDelegate.swift */; };
		55DD40E81C13C7DC00E35713 /* Assets.xcassets in Resources */ = {isa = PBXBuildFile; fileRef = 55DD40E71C13C7DC00E35713 /* Assets.xcassets */; };
		55DD40EB1C13C7DC00E35713 /* MainMenu.xib in Resources */ = {isa = PBXBuildFile; fileRef = 55DD40E91C13C7DC00E35713 /* MainMenu.xib */; };
/* End PBXBuildFile section */

/* Begin PBXFileReference section */
		55DD40E21C13C7DC00E35713 /* LittleGit.app */ = {isa = PBXFileReference; explicitFileType = wrapper.application; includeInIndex = 0; path = LittleGit.app; sourceTree = BUILT_PRODUCTS_DIR; };
		55DD40E51C13C7DC00E35713 /* AppDelegate.swift */ = {isa = PBXFileReference; lastKnownFileType = sourcecode.swift; path = AppDelegate.swift; sourceTree = "<group>"; };
		55DD40E71C13C7DC00E35713 /* Assets.xcassets */ = {isa = PBXFileReference; lastKnownFileType = folder.assetcatalog; path = Assets.xcassets; sourceTree = "<group>"; };
		55DD40EA1C13C7DC00E35713 /* Base */ = {isa = PBXFileReference; lastKnownFileType = file.xib; name = Base; path = Base.lproj/MainMenu.xib; sourceTree = "<group>"; };
		55DD40EC1C13C7DC00E35713 /* Info.plist */ = {isa = PBXFileReference; lastKnownFileType = text.plist.xml; path = Info.plist; sourceTree = "<group>"; };
/* End PBXFileReference section */

/* Begin PBXFrameworksBuildPhase section */
		55DD40DF1C13C7DC00E35713 /* Frameworks */ = {
			isa = PBXFrameworksBuildPhase;
			buildActionMask = 2147483647;
			files = (
			);
			runOnlyForDeploymentPostprocessing = 0;
		};
/* End PBXFrameworksBuildPhase section */

/* Begin PBXGroup section */
		55DD40D91C13C7DC00E35713 = {
			isa = PBXGroup;
			children = (
				55DD40E41C13C7DC00E35713 /* LittleGit */,
				55DD40E31C13C7DC00E35713 /* Products */,
			);
			sourceTree = "<group>";
		};
		55DD40E31C13C7DC00E35713 /* Products */ = {
			isa = PBXGroup;
			children = (
				55DD40E21C13C7DC00E35713 /* LittleGit.app */,
			);
			name = Products;
			sourceTree = "<group>";
		};
		55DD40E41C13C7DC00E35713 /* LittleGit */ = {
			isa = PBXGroup;
			children = (
				55DD40E51C13C7DC00E35713 /* AppDelegate.swift */,
				55DD40E71C13C7DC00E35713 /* Assets.xcassets */,
				55DD40E91C13C7DC00E35713 /* MainMenu.xib */,
				55DD40EC1C13C7DC00E35713 /* Info.plist */,
			);
			path = LittleGit;
			sourceTree = "<group>";
		};
/* End PBXGroup section */

/* Begin PBXNativeTarget section */
		55DD40E11C13C7DC00E35713 /* LittleGit */ = {
			isa = PBXNativeTarget;
			buildConfigurationList = 55DD40EF1C13C7DC00E35713 /* Build configuration list for PBXNativeTarget "LittleGit" */;
			buildPhases = (
				55DD40DE1C13C7DC00E35713 /* Sources */,
				55DD40DF1C13C7DC00E35713 /* Frameworks */,
				55DD40E01C13C7DC00E35713 /* Resources */,
			);
			buildRules = (
			);
			dependencies = (
			);
			name = LittleGit;
			productName = LittleGit;
			productReference = 55DD40E21C13C7DC00E35713 /* LittleGit.app */;
			productType = "com.apple.product-type.application";
		};
/* End PBXNativeTarget section */

/* Begin PBXProject section */
		55DD40DA1C13C7DC00E35713 /* Project object */ = {
			isa = PBXProject;
			attributes = {
				LastSwiftUpdateCheck = 0710;
				LastUpgradeCheck = 0710;
				ORGANIZATIONNAME = "Uli Kusterer";
				TargetAttributes = {
					55DD40E11C13C7DC00E35713 = {
						CreatedOnToolsVersion = 7.1.1;
					};
				};
			};
			buildConfigurationList = 55DD40DD1C13C7DC00E35713 /* Build configuration list for PBXProject "LittleGit" */;
			compatibilityVersion = "Xcode 3.2";
			developmentRegion = English;
			hasScannedForEncodings = 0;
			knownRegions = (
				en,
				Base,
			);
			mainGroup = 55DD40D91C13C7DC00E35713;
			productRefGroup = 55DD40E31C13C7DC00E35713 /* Products */;
			projectDirPath = "";
			projectRoot = "";
			targets = (
				55DD40E11C13C7DC00E35713 /* LittleGit */,
			);
		};
/* End PBXProject section */

/* Begin PBXResourcesBuildPhase section */
		55DD40E01C13C7DC00E35713 /* Resources */ = {
			isa = PBXResourcesBuildPhase;
			buildActionMask = 2147483647;
			files = (
				55DD40E81C13C7DC00E35713 /* Assets.xcassets in Resources */,
				55DD40EB1C13C7DC00E35713 /* MainMenu.xib in Resources */,
			);
			runOnlyForDeploymentPostprocessing = 0;
		};
/* End PBXResourcesBuildPhase section */

/* Begin PBXSourcesBuildPhase section */
		55DD40DE1C13C7DC00E35713 /* Sources */ = {
			isa = PBXSourcesBuildPhase;
			buildActionMask = 2147483647;
			files = (
				55DD40E61C13C7DC00E35713 /* AppDelegate.swift in Sources */,
			);
			runOnlyForDeploymentPostprocessing = 0;
		};
/* End PBXSourcesBuildPhase section */

/* Begin PBXVariantGroup section */
		55DD40E91C13C7DC00E35713 /* MainMenu.xib */ = {
			isa = PBXVariantGroup;
			children = (
				55DD40EA1C13C7DC00E35713 /* Base */,
			);
			name = MainMenu.xib;
			sourceTree = "<group>";
		};
/* End PBXVariantGroup section */

/* Begin XCBuildConfiguration section */
		55DD40ED1C13C7DC00E35713 /* Debug */ = {
			isa = XCBuildConfiguration;
			buildSettings = {
				ALWAYS_SEARCH_USER_PATHS = NO;
				CLANG_CXX_LANGUAGE_STANDARD = "gnu++0x";
				CLANG_CXX_LIBRARY = "libc++";
				CLANG_ENABLE_MODULES = YES;
				CLANG_ENABLE_OBJC_ARC = YES;
				CLANG_WARN_BOOL_CONVERSION = YES;
				CLANG_WARN_CONSTANT_CONVERSION = YES;
				CLANG_WARN_DIRECT_OBJC_ISA_USAGE = YES_ERROR;
				CLANG_WARN_EMPTY_BODY = YES;
				CLANG_WARN_ENUM_CONVERSION = YES;
				CLANG_WARN_INT_CONVERSION = YES;
				CLANG_WARN_OBJC_ROOT_CLASS = YES_ERROR;
				CLANG_WARN_UNREACHABLE_CODE = YES;
				CLANG_WARN__DUPLICATE_METHOD_MATCH = YES;
				CODE_SIGN_IDENTITY = "-";
				COPY_PHASE_STRIP = NO;
				DEBUG_INFORMATION_FORMAT = dwarf;
				ENABLE_STRICT_OBJC_MSGSEND = YES;
				ENABLE_TESTABILITY = YES;
				GCC_C_LANGUAGE_STANDARD = gnu99;
				GCC_DYNAMIC_NO_PIC = NO;
				GCC_NO_COMMON_BLOCKS = YES;
				GCC_OPTIMIZATION_LEVEL = 0;
				GCC_PREPROCESSOR_DEFINITIONS = (
					"DEBUG=1",
					"$(inherited)",
				);
				GCC_WARN_64_TO_32_BIT_CONVERSION = YES;
				GCC_WARN_ABOUT_RETURN_TYPE = YES_ERROR;
				GCC_WARN_UNDECLARED_SELECTOR = YES;
				GCC_WARN_UNINITIALIZED_AUTOS = YES_AGGRESSIVE;
				GCC_WARN_UNUSED_FUNCTION = YES;
				GCC_WARN_UNUSED_VARIABLE = YES;
				MACOSX_DEPLOYMENT_TARGET = 10.11;
				MTL_ENABLE_DEBUG_INFO = YES;
				ONLY_ACTIVE_ARCH = YES;
				SDKROOT = macosx;
				SWIFT_OPTIMIZATION_LEVEL = "-Onone";
			};
			name = Debug;
		};
		55DD40EE1C13C7DC00E35713 /* Release */ = {
			isa = XCBuildConfiguration;
			buildSettings = {
				ALWAYS_SEARCH_USER_PATHS = NO;
				CLANG_CXX_LANGUAGE_STANDARD = "gnu++0x";
				CLANG_CXX_LIBRARY = "libc++";
				CLANG_ENABLE_MODULES = YES;
				CLANG_ENABLE_OBJC_ARC = YES;
				CLANG_WARN_BOOL_CONVERSION = YES;
				CLANG_WARN_CONSTANT_CONVERSION = YES;
				CLANG_WARN_DIRECT_OBJC_ISA_USAGE = YES_ERROR;
				CLANG_WARN_EMPTY_BODY = YES;
				CLANG_WARN_ENUM_CONVERSION = YES;
				CLANG_WARN_INT_CONVERSION = YES;
				CLANG_WARN_OBJC_ROOT_CLASS = YES_ERROR;
				CLANG_WARN_UNREACHABLE_CODE = YES;
				CLANG_WARN__DUPLICATE_METHOD_MATCH = YES;
				CODE_SIGN_IDENTITY = "-";
				COPY_PHASE_STRIP = NO;
				DEBUG_INFORMATION_FORMAT = "dwarf-with-dsym";
				ENABLE_NS_ASSERTIONS = NO;
				ENABLE_STRICT_OBJC_MSGSEND = YES;
				GCC_C_LANGUAGE_STANDARD = gnu99;
				GCC_NO_COMMON_BLOCKS = YES;
				GCC_WARN_64_TO_32_BIT_CONVERSION = YES;
				GCC_WARN_ABOUT_RETURN_TYPE = YES_ERROR;
				GCC_WARN_UNDECLARED_SELECTOR = YES;
				GCC_WARN_UNINITIALIZED_AUTOS = YES_AGGRESSIVE;
				GCC_WARN_UNUSED_FUNCTION = YES;
				GCC_WARN_UNUSED_VARIABLE = YES;
				MACOSX_DEPLOYMENT_TARGET = 10.11;
				MTL_ENABLE_DEBUG_INFO = NO;
				SDKROOT = macosx;
			};
			name = Release;
		};
		55DD40F01C13C7DC00E35713 /* Debug */ = {
			isa = XCBuildConfiguration;
			buildSettings = {
				ASSETCATALOG_COMPILER_APPICON_NAME = AppIcon;
				COMBINE_HIDPI_IMAGES = YES;
				INFOPLIST_FILE = LittleGit/Info.plist;
				LD_RUNPATH_SEARCH_PATHS = "$(inherited) @executable_path/../Frameworks";
				PRODUCT_BUNDLE_IDENTIFIER = com.thevoidsoftware.LittleGit;
				PRODUCT_NAME = "$(TARGET_NAME)";
			};
			name = Debug;
		};
		55DD40F11C13C7DC00E35713 /* Release */ = {
			isa = XCBuildConfiguration;
			buildSettings = {
				ASSETCATALOG_COMPILER_APPICON_NAME = AppIcon;
				COMBINE_HIDPI_IMAGES = YES;
				INFOPLIST_FILE = LittleGit/Info.plist;
				LD_RUNPATH_SEARCH_PATHS = "$(inherited) @executable_path/../Frameworks";
				PRODUCT_BUNDLE_IDENTIFIER = com.thevoidsoftware.LittleGit;
				PRODUCT_NAME = "$(TARGET_NAME)";
			};
			name = Release;
		};
/* End XCBuildConfiguration section */

/* Begin XCConfigurationList section */
		55DD40DD1C13C7DC00E35713 /* Build configuration list for PBXProject "LittleGit" */ = {
			isa = XCConfigurationList;
			buildConfigurations = (
				55DD40ED1C13C7DC00E35713 /* Debug */,
				55DD40EE1C13C7DC00E35713 /* Release */,
			);
			defaultConfigurationIsVisible = 0;
			defaultConfigurationName = Release;
		};
		55DD40EF1C13C7DC00E35713 /* Build configuration list for PBXNativeTarget "LittleGit" */ = {
			isa = XCConfigurationList;
			buildConfigurations = (
				55DD40F01C13C7DC00E35713 /* Debug */,
				55DD40F11C13C7DC00E35713 /* Release */,
			);
			defaultConfigurationIsVisible = 0;
		};
/* End XCConfigurationList section */
	};
	rootObject = 55DD40DA1C13C7DC00E35713 /* Project object */;
}
